
Microsoft Visual Studio Solution File, Format Version 12.00
# Visual Studio Version 17
VisualStudioVersion = 17.3.32901.215
MinimumVisualStudioVersion = 10.0.40219.1
Project("{FAE04EC0-301F-11D3-BF4B-00C04F79EFBC}") = "EventsSyncApp", "EventsSyncApp\EventsSyncApp.csproj", "{D6EF1175-E798-4E81-96CF-40BB27F10CA6}"
EndProject
Project("{FAE04EC0-301F-11D3-BF4B-00C04F79EFBC}") = "Common.Util", "..\..\..\Downloads\Common.Util\Common.Util.csproj", "{7B7A177A-5FAC-41F3-A504-40CE6B504609}"
EndProject
Global
	GlobalSection(SolutionConfigurationPlatforms) = preSolution
		Debug|Any CPU = Debug|Any CPU
		Deploy|Any CPU = Deploy|Any CPU
		Release|Any CPU = Release|Any CPU
	EndGlobalSection
	GlobalSection(ProjectConfigurationPlatforms) = postSolution
		{D6EF1175-E798-4E81-96CF-40BB27F10CA6}.Debug|Any CPU.ActiveCfg = Debug|Any CPU
		{D6EF1175-E798-4E81-96CF-40BB27F10CA6}.Debug|Any CPU.Build.0 = Debug|Any CPU
		{D6EF1175-E798-4E81-96CF-40BB27F10CA6}.Deploy|Any CPU.ActiveCfg = Debug|Any CPU
		{D6EF1175-E798-4E81-96CF-40BB27F10CA6}.Deploy|Any CPU.Build.0 = Debug|Any CPU
		{D6EF1175-E798-4E81-96CF-40BB27F10CA6}.Release|Any CPU.ActiveCfg = Release|Any CPU
		{D6EF1175-E798-4E81-96CF-40BB27F10CA6}.Release|Any CPU.Build.0 = Release|Any CPU
		{7B7A177A-5FAC-41F3-A504-40CE6B504609}.Debug|Any CPU.ActiveCfg = Debug|Any CPU
		{7B7A177A-5FAC-41F3-A504-40CE6B504609}.Debug|Any CPU.Build.0 = Debug|Any CPU
		{7B7A177A-5FAC-41F3-A504-40CE6B504609}.Deploy|Any CPU.ActiveCfg = Deploy|Any CPU
		{7B7A177A-5FAC-41F3-A504-40CE6B504609}.Deploy|Any CPU.Build.0 = Deploy|Any CPU
		{7B7A177A-5FAC-41F3-A504-40CE6B504609}.Release|Any CPU.ActiveCfg = Release|Any CPU
		{7B7A177A-5FAC-41F3-A504-40CE6B504609}.Release|Any CPU.Build.0 = Release|Any CPU
	EndGlobalSection
	GlobalSection(SolutionProperties) = preSolution
		HideSolutionNode = FALSE
	EndGlobalSection
	GlobalSection(ExtensibilityGlobals) = postSolution
		SolutionGuid = {D3048625-7E7C-4037-BADA-F826C8BFD14C}
	EndGlobalSection
EndGlobal
